
Microsoft Visual Studio Solution File, Format Version 12.00
# Visual Studio 2012
Project("{CC5FD16D-436D-48AD-A40C-5A424C6E3E79}") = "ChatService", "ChatService\ChatService.ccproj", "{D8A681E8-0023-4084-A8A9-BA6B5E892445}"
EndProject
Global
	GlobalSection(SolutionConfigurationPlatforms) = preSolution
		Debug|Any CPU = Debug|Any CPU
		Release|Any CPU = Release|Any CPU
	EndGlobalSection
	GlobalSection(ProjectConfigurationPlatforms) = postSolution
		{D8A681E8-0023-4084-A8A9-BA6B5E892445}.Debug|Any CPU.ActiveCfg = Debug|Any CPU
		{D8A681E8-0023-4084-A8A9-BA6B5E892445}.Debug|Any CPU.Build.0 = Debug|Any CPU
		{D8A681E8-0023-4084-A8A9-BA6B5E892445}.Release|Any CPU.ActiveCfg = Release|Any CPU
		{D8A681E8-0023-4084-A8A9-BA6B5E892445}.Release|Any CPU.Build.0 = Release|Any CPU
	EndGlobalSection
	GlobalSection(SolutionProperties) = preSolution
		HideSolutionNode = FALSE
	EndGlobalSection
EndGlobal
